// !$*UTF8*$!
{
	archiveVersion = 1;
	classes = {
	};
	objectVersion = 46;
	objects = {

/* Begin PBXBuildFile section */
		B73B51EE175C4B5E00201BE7 /* HBProgram.m in Sources */ = {isa = PBXBuildFile; fileRef = B73B51ED175C4B5E00201BE7 /* HBProgram.m */; };
		B73D0E5D19B5015C009802CF /* Images.xcassets in Resources */ = {isa = PBXBuildFile; fileRef = B73D0E5C19B5015C009802CF /* Images.xcassets */; };
		B73D687119C7E211007DFC10 /* spotlight_blue_button.icns in Resources */ = {isa = PBXBuildFile; fileRef = B73D687019C7E211007DFC10 /* spotlight_blue_button.icns */; };
		B77090D11A2113E8004E0754 /* HBRecording.m in Sources */ = {isa = PBXBuildFile; fileRef = B77090D01A2113E8004E0754 /* HBRecording.m */; };
		B7A5827919B9988700E1CA76 /* stop_red_button.icns in Resources */ = {isa = PBXBuildFile; fileRef = B7A5827819B9988700E1CA76 /* stop_red_button.icns */; };
		B7A5829B19BC0AFA00E1CA76 /* hdhomerun_channels.c in Sources */ = {isa = PBXBuildFile; fileRef = B7A5827B19BC0AFA00E1CA76 /* hdhomerun_channels.c */; };
		B7A5829C19BC0AFA00E1CA76 /* hdhomerun_channelscan.c in Sources */ = {isa = PBXBuildFile; fileRef = B7A5827D19BC0AFA00E1CA76 /* hdhomerun_channelscan.c */; };
		B7A5829E19BC0AFA00E1CA76 /* hdhomerun_control.c in Sources */ = {isa = PBXBuildFile; fileRef = B7A5828019BC0AFA00E1CA76 /* hdhomerun_control.c */; };
		B7A5829F19BC0AFA00E1CA76 /* hdhomerun_debug.c in Sources */ = {isa = PBXBuildFile; fileRef = B7A5828219BC0AFA00E1CA76 /* hdhomerun_debug.c */; };
		B7A582A019BC0AFA00E1CA76 /* hdhomerun_device_selector.c in Sources */ = {isa = PBXBuildFile; fileRef = B7A5828419BC0AFA00E1CA76 /* hdhomerun_device_selector.c */; };
		B7A582A119BC0AFA00E1CA76 /* hdhomerun_device.c in Sources */ = {isa = PBXBuildFile; fileRef = B7A5828619BC0AFA00E1CA76 /* hdhomerun_device.c */; };
		B7A582A219BC0AFA00E1CA76 /* hdhomerun_discover.c in Sources */ = {isa = PBXBuildFile; fileRef = B7A5828819BC0AFA00E1CA76 /* hdhomerun_discover.c */; };
		B7A582A319BC0AFA00E1CA76 /* hdhomerun_os_posix.c in Sources */ = {isa = PBXBuildFile; fileRef = B7A5828A19BC0AFA00E1CA76 /* hdhomerun_os_posix.c */; };
		B7A582A519BC0AFA00E1CA76 /* hdhomerun_pkt.c in Sources */ = {isa = PBXBuildFile; fileRef = B7A5828F19BC0AFA00E1CA76 /* hdhomerun_pkt.c */; };
		B7A582A619BC0AFA00E1CA76 /* hdhomerun_sock_posix.c in Sources */ = {isa = PBXBuildFile; fileRef = B7A5829119BC0AFA00E1CA76 /* hdhomerun_sock_posix.c */; };
		B7A582A819BC0AFA00E1CA76 /* hdhomerun_video.c in Sources */ = {isa = PBXBuildFile; fileRef = B7A5829519BC0AFA00E1CA76 /* hdhomerun_video.c */; };
		B7A63DA2175B14E700B44C51 /* HBRecordingsTableViewController.m in Sources */ = {isa = PBXBuildFile; fileRef = B7A63DA0175B14E700B44C51 /* HBRecordingsTableViewController.m */; };
		B7C94869171E7591008250E2 /* Cocoa.framework in Frameworks */ = {isa = PBXBuildFile; fileRef = B7C94868171E7591008250E2 /* Cocoa.framework */; };
		B7C94873171E7591008250E2 /* InfoPlist.strings in Resources */ = {isa = PBXBuildFile; fileRef = B7C94871171E7591008250E2 /* InfoPlist.strings */; };
		B7C94875171E7591008250E2 /* main.m in Sources */ = {isa = PBXBuildFile; fileRef = B7C94874171E7591008250E2 /* main.m */; };
		B7C94879171E7591008250E2 /* Credits.rtf in Resources */ = {isa = PBXBuildFile; fileRef = B7C94877171E7591008250E2 /* Credits.rtf */; };
		B7C9487C171E7591008250E2 /* HBAppDelegate.m in Sources */ = {isa = PBXBuildFile; fileRef = B7C9487B171E7591008250E2 /* HBAppDelegate.m */; };
		B7C9487F171E7591008250E2 /* MainMenu.xib in Resources */ = {isa = PBXBuildFile; fileRef = B7C9487D171E7591008250E2 /* MainMenu.xib */; };
		B7C9488B171E7592008250E2 /* Cocoa.framework in Frameworks */ = {isa = PBXBuildFile; fileRef = B7C94868171E7591008250E2 /* Cocoa.framework */; };
		B7C94893171E7592008250E2 /* InfoPlist.strings in Resources */ = {isa = PBXBuildFile; fileRef = B7C94891171E7592008250E2 /* InfoPlist.strings */; };
		B7C94896171E7592008250E2 /* HDHomeBaseTests.m in Sources */ = {isa = PBXBuildFile; fileRef = B7C94895171E7592008250E2 /* HDHomeBaseTests.m */; };
		B7DDCA1419B8B43800553FD4 /* IOKit.framework in Frameworks */ = {isa = PBXBuildFile; fileRef = B7DDCA1319B8B43800553FD4 /* IOKit.framework */; };
		B7DDCA1819B925BB00553FD4 /* prohibited.icns in Resources */ = {isa = PBXBuildFile; fileRef = B7DDCA1619B925BB00553FD4 /* prohibited.icns */; };
		B7DDCA1E19B9269100553FD4 /* alert.icns in Resources */ = {isa = PBXBuildFile; fileRef = B7DDCA1D19B9269100553FD4 /* alert.icns */; };
		B7DDCA2019B927CC00553FD4 /* scheduled.icns in Resources */ = {isa = PBXBuildFile; fileRef = B7DDCA1F19B927CC00553FD4 /* scheduled.icns */; };
		B7DDCA2219B927E800553FD4 /* stop_sign.icns in Resources */ = {isa = PBXBuildFile; fileRef = B7DDCA2119B927E800553FD4 /* stop_sign.icns */; };
		B7DDCA2419B927FA00553FD4 /* schedule_add.icns in Resources */ = {isa = PBXBuildFile; fileRef = B7DDCA2319B927FA00553FD4 /* schedule_add.icns */; };
		B7DDCA2619B9280100553FD4 /* schedule_alert.icns in Resources */ = {isa = PBXBuildFile; fileRef = B7DDCA2519B9280100553FD4 /* schedule_alert.icns */; };
		B7DDCA2819B9280900553FD4 /* reschedule_green_button.icns in Resources */ = {isa = PBXBuildFile; fileRef = B7DDCA2719B9280900553FD4 /* reschedule_green_button.icns */; };
		B7DDCA2D19B9282900553FD4 /* green.icns in Resources */ = {isa = PBXBuildFile; fileRef = B7DDCA2919B9282900553FD4 /* green.icns */; };
		B7DDCA2E19B9282900553FD4 /* orange.icns in Resources */ = {isa = PBXBuildFile; fileRef = B7DDCA2A19B9282900553FD4 /* orange.icns */; };
		B7DDCA3019B9282900553FD4 /* red.icns in Resources */ = {isa = PBXBuildFile; fileRef = B7DDCA2C19B9282900553FD4 /* red.icns */; };
		B7DDCA3219B9283A00553FD4 /* yellow.icns in Resources */ = {isa = PBXBuildFile; fileRef = B7DDCA3119B9283A00553FD4 /* yellow.icns */; };
		B7DDCA3819B92A0E00553FD4 /* validate_green_button.icns in Resources */ = {isa = PBXBuildFile; fileRef = B7DDCA3719B92A0E00553FD4 /* validate_green_button.icns */; };
		B7DDCA3A19B92A2700553FD4 /* gray.icns in Resources */ = {isa = PBXBuildFile; fileRef = B7DDCA3919B92A2700553FD4 /* gray.icns */; };
		B7DDCA3C19B92A4500553FD4 /* play_green_button.icns in Resources */ = {isa = PBXBuildFile; fileRef = B7DDCA3B19B92A4500553FD4 /* play_green_button.icns */; };
		B7DDCA3E19B92A5900553FD4 /* purple.icns in Resources */ = {isa = PBXBuildFile; fileRef = B7DDCA3D19B92A5900553FD4 /* purple.icns */; };
		B7DDCA4019B92A7000553FD4 /* stop_green_button.icns in Resources */ = {isa = PBXBuildFile; fileRef = B7DDCA3F19B92A7000553FD4 /* stop_green_button.icns */; };
		B7DDCA4219B92A8C00553FD4 /* record_button.icns in Resources */ = {isa = PBXBuildFile; fileRef = B7DDCA4119B92A8C00553FD4 /* record_button.icns */; };
		B7DDCA4419B92AA600553FD4 /* schedule_remove.icns in Resources */ = {isa = PBXBuildFile; fileRef = B7DDCA4319B92AA600553FD4 /* schedule_remove.icns */; };
		B7DDCA4719B92BF000553FD4 /* delete_green_button.icns in Resources */ = {isa = PBXBuildFile; fileRef = B7DDCA4519B92BF000553FD4 /* delete_green_button.icns */; };
		B7DDCA4819B92BF000553FD4 /* delete_red_button.icns in Resources */ = {isa = PBXBuildFile; fileRef = B7DDCA4619B92BF000553FD4 /* delete_red_button.icns */; };
		B7DDCA4A19B9512C00553FD4 /* filmstrip.icns in Resources */ = {isa = PBXBuildFile; fileRef = B7DDCA4919B9512C00553FD4 /* filmstrip.icns */; };
		B7DDCA4C19B97E8800553FD4 /* clapperboard.icns in Resources */ = {isa = PBXBuildFile; fileRef = B7DDCA4B19B97E8800553FD4 /* clapperboard.icns */; };
		B7F7A19A176EA507007C5D4C /* HBScheduler.m in Sources */ = {isa = PBXBuildFile; fileRef = B7F7A199176EA507007C5D4C /* HBScheduler.m */; };
/* End PBXBuildFile section */

/* Begin PBXContainerItemProxy section */
		B7C9488C171E7592008250E2 /* PBXContainerItemProxy */ = {
			isa = PBXContainerItemProxy;
			containerPortal = B7C9485D171E7590008250E2 /* Project object */;
			proxyType = 1;
			remoteGlobalIDString = B7C94864171E7591008250E2;
			remoteInfo = HDHomeBase;
		};
/* End PBXContainerItemProxy section */

/* Begin PBXCopyFilesBuildPhase section */
		B7EA0D011723D99200B5DCA6 /* CopyFiles */ = {
			isa = PBXCopyFilesBuildPhase;
			buildActionMask = 2147483647;
			dstPath = "";
			dstSubfolderSpec = 10;
			files = (
			);
			runOnlyForDeploymentPostprocessing = 0;
		};
/* End PBXCopyFilesBuildPhase section */

/* Begin PBXFileReference section */
		B73B51EC175C4B5E00201BE7 /* HBProgram.h */ = {isa = PBXFileReference; fileEncoding = 4; lastKnownFileType = sourcecode.c.h; path = HBProgram.h; sourceTree = "<group>"; };
		B73B51ED175C4B5E00201BE7 /* HBProgram.m */ = {isa = PBXFileReference; fileEncoding = 4; lastKnownFileType = sourcecode.c.objc; path = HBProgram.m; sourceTree = "<group>"; };
		B73D0E5C19B5015C009802CF /* Images.xcassets */ = {isa = PBXFileReference; lastKnownFileType = folder.assetcatalog; path = Images.xcassets; sourceTree = "<group>"; };
		B73D687019C7E211007DFC10 /* spotlight_blue_button.icns */ = {isa = PBXFileReference; lastKnownFileType = image.icns; path = spotlight_blue_button.icns; sourceTree = "<group>"; };
		B77090CF1A2113E8004E0754 /* HBRecording.h */ = {isa = PBXFileReference; fileEncoding = 4; lastKnownFileType = sourcecode.c.h; path = HBRecording.h; sourceTree = "<group>"; };
		B77090D01A2113E8004E0754 /* HBRecording.m */ = {isa = PBXFileReference; fileEncoding = 4; lastKnownFileType = sourcecode.c.objc; path = HBRecording.m; sourceTree = "<group>"; };
		B7A5827819B9988700E1CA76 /* stop_red_button.icns */ = {isa = PBXFileReference; lastKnownFileType = image.icns; path = stop_red_button.icns; sourceTree = "<group>"; };
		B7A5827B19BC0AFA00E1CA76 /* hdhomerun_channels.c */ = {isa = PBXFileReference; fileEncoding = 4; lastKnownFileType = sourcecode.c.c; path = hdhomerun_channels.c; sourceTree = "<group>"; };
		B7A5827C19BC0AFA00E1CA76 /* hdhomerun_channels.h */ = {isa = PBXFileReference; fileEncoding = 4; lastKnownFileType = sourcecode.c.h; path = hdhomerun_channels.h; sourceTree = "<group>"; };
		B7A5827D19BC0AFA00E1CA76 /* hdhomerun_channelscan.c */ = {isa = PBXFileReference; fileEncoding = 4; lastKnownFileType = sourcecode.c.c; path = hdhomerun_channelscan.c; sourceTree = "<group>"; };
		B7A5827E19BC0AFA00E1CA76 /* hdhomerun_channelscan.h */ = {isa = PBXFileReference; fileEncoding = 4; lastKnownFileType = sourcecode.c.h; path = hdhomerun_channelscan.h; sourceTree = "<group>"; };
		B7A5827F19BC0AFA00E1CA76 /* hdhomerun_config.c */ = {isa = PBXFileReference; fileEncoding = 4; lastKnownFileType = sourcecode.c.c; path = hdhomerun_config.c; sourceTree = "<group>"; };
		B7A5828019BC0AFA00E1CA76 /* hdhomerun_control.c */ = {isa = PBXFileReference; fileEncoding = 4; lastKnownFileType = sourcecode.c.c; path = hdhomerun_control.c; sourceTree = "<group>"; };
		B7A5828119BC0AFA00E1CA76 /* hdhomerun_control.h */ = {isa = PBXFileReference; fileEncoding = 4; lastKnownFileType = sourcecode.c.h; path = hdhomerun_control.h; sourceTree = "<group>"; };
		B7A5828219BC0AFA00E1CA76 /* hdhomerun_debug.c */ = {isa = PBXFileReference; fileEncoding = 4; lastKnownFileType = sourcecode.c.c; path = hdhomerun_debug.c; sourceTree = "<group>"; };
		B7A5828319BC0AFA00E1CA76 /* hdhomerun_debug.h */ = {isa = PBXFileReference; fileEncoding = 4; lastKnownFileType = sourcecode.c.h; path = hdhomerun_debug.h; sourceTree = "<group>"; };
		B7A5828419BC0AFA00E1CA76 /* hdhomerun_device_selector.c */ = {isa = PBXFileReference; fileEncoding = 4; lastKnownFileType = sourcecode.c.c; path = hdhomerun_device_selector.c; sourceTree = "<group>"; };
		B7A5828519BC0AFA00E1CA76 /* hdhomerun_device_selector.h */ = {isa = PBXFileReference; fileEncoding = 4; lastKnownFileType = sourcecode.c.h; path = hdhomerun_device_selector.h; sourceTree = "<group>"; };
		B7A5828619BC0AFA00E1CA76 /* hdhomerun_device.c */ = {isa = PBXFileReference; fileEncoding = 4; lastKnownFileType = sourcecode.c.c; path = hdhomerun_device.c; sourceTree = "<group>"; };
		B7A5828719BC0AFA00E1CA76 /* hdhomerun_device.h */ = {isa = PBXFileReference; fileEncoding = 4; lastKnownFileType = sourcecode.c.h; path = hdhomerun_device.h; sourceTree = "<group>"; };
		B7A5828819BC0AFA00E1CA76 /* hdhomerun_discover.c */ = {isa = PBXFileReference; fileEncoding = 4; lastKnownFileType = sourcecode.c.c; path = hdhomerun_discover.c; sourceTree = "<group>"; };
		B7A5828919BC0AFA00E1CA76 /* hdhomerun_discover.h */ = {isa = PBXFileReference; fileEncoding = 4; lastKnownFileType = sourcecode.c.h; path = hdhomerun_discover.h; sourceTree = "<group>"; };
		B7A5828A19BC0AFA00E1CA76 /* hdhomerun_os_posix.c */ = {isa = PBXFileReference; fileEncoding = 4; lastKnownFileType = sourcecode.c.c; path = hdhomerun_os_posix.c; sourceTree = "<group>"; };
		B7A5828B19BC0AFA00E1CA76 /* hdhomerun_os_posix.h */ = {isa = PBXFileReference; fileEncoding = 4; lastKnownFileType = sourcecode.c.h; path = hdhomerun_os_posix.h; sourceTree = "<group>"; };
		B7A5828C19BC0AFA00E1CA76 /* hdhomerun_os_windows.c */ = {isa = PBXFileReference; fileEncoding = 4; lastKnownFileType = sourcecode.c.c; path = hdhomerun_os_windows.c; sourceTree = "<group>"; };
		B7A5828D19BC0AFA00E1CA76 /* hdhomerun_os_windows.h */ = {isa = PBXFileReference; fileEncoding = 4; lastKnownFileType = sourcecode.c.h; path = hdhomerun_os_windows.h; sourceTree = "<group>"; };
		B7A5828E19BC0AFA00E1CA76 /* hdhomerun_os.h */ = {isa = PBXFileReference; fileEncoding = 4; lastKnownFileType = sourcecode.c.h; path = hdhomerun_os.h; sourceTree = "<group>"; };
		B7A5828F19BC0AFA00E1CA76 /* hdhomerun_pkt.c */ = {isa = PBXFileReference; fileEncoding = 4; lastKnownFileType = sourcecode.c.c; path = hdhomerun_pkt.c; sourceTree = "<group>"; };
		B7A5829019BC0AFA00E1CA76 /* hdhomerun_pkt.h */ = {isa = PBXFileReference; fileEncoding = 4; lastKnownFileType = sourcecode.c.h; path = hdhomerun_pkt.h; sourceTree = "<group>"; };
		B7A5829119BC0AFA00E1CA76 /* hdhomerun_sock_posix.c */ = {isa = PBXFileReference; fileEncoding = 4; lastKnownFileType = sourcecode.c.c; path = hdhomerun_sock_posix.c; sourceTree = "<group>"; };
		B7A5829219BC0AFA00E1CA76 /* hdhomerun_sock_windows.c */ = {isa = PBXFileReference; fileEncoding = 4; lastKnownFileType = sourcecode.c.c; path = hdhomerun_sock_windows.c; sourceTree = "<group>"; };
		B7A5829319BC0AFA00E1CA76 /* hdhomerun_sock.h */ = {isa = PBXFileReference; fileEncoding = 4; lastKnownFileType = sourcecode.c.h; path = hdhomerun_sock.h; sourceTree = "<group>"; };
		B7A5829419BC0AFA00E1CA76 /* hdhomerun_types.h */ = {isa = PBXFileReference; fileEncoding = 4; lastKnownFileType = sourcecode.c.h; path = hdhomerun_types.h; sourceTree = "<group>"; };
		B7A5829519BC0AFA00E1CA76 /* hdhomerun_video.c */ = {isa = PBXFileReference; fileEncoding = 4; lastKnownFileType = sourcecode.c.c; path = hdhomerun_video.c; sourceTree = "<group>"; };
		B7A5829619BC0AFA00E1CA76 /* hdhomerun_video.h */ = {isa = PBXFileReference; fileEncoding = 4; lastKnownFileType = sourcecode.c.h; path = hdhomerun_video.h; sourceTree = "<group>"; };
		B7A5829719BC0AFA00E1CA76 /* hdhomerun.h */ = {isa = PBXFileReference; fileEncoding = 4; lastKnownFileType = sourcecode.c.h; path = hdhomerun.h; sourceTree = "<group>"; };
		B7A5829819BC0AFA00E1CA76 /* lgpl.txt */ = {isa = PBXFileReference; fileEncoding = 4; lastKnownFileType = text; path = lgpl.txt; sourceTree = "<group>"; };
		B7A5829919BC0AFA00E1CA76 /* Makefile */ = {isa = PBXFileReference; fileEncoding = 4; lastKnownFileType = sourcecode.make; path = Makefile; sourceTree = "<group>"; };
		B7A5829A19BC0AFA00E1CA76 /* README */ = {isa = PBXFileReference; fileEncoding = 4; lastKnownFileType = text; path = README; sourceTree = "<group>"; };
		B7A63D9F175B14E700B44C51 /* HBRecordingsTableViewController.h */ = {isa = PBXFileReference; fileEncoding = 4; lastKnownFileType = sourcecode.c.h; path = HBRecordingsTableViewController.h; sourceTree = "<group>"; };
		B7A63DA0175B14E700B44C51 /* HBRecordingsTableViewController.m */ = {isa = PBXFileReference; fileEncoding = 4; lastKnownFileType = sourcecode.c.objc; path = HBRecordingsTableViewController.m; sourceTree = "<group>"; };
		B7C94865171E7591008250E2 /* HDHomeBase.app */ = {isa = PBXFileReference; explicitFileType = wrapper.application; includeInIndex = 0; path = HDHomeBase.app; sourceTree = BUILT_PRODUCTS_DIR; };
		B7C94868171E7591008250E2 /* Cocoa.framework */ = {isa = PBXFileReference; lastKnownFileType = wrapper.framework; name = Cocoa.framework; path = System/Library/Frameworks/Cocoa.framework; sourceTree = SDKROOT; };
		B7C9486B171E7591008250E2 /* AppKit.framework */ = {isa = PBXFileReference; lastKnownFileType = wrapper.framework; name = AppKit.framework; path = System/Library/Frameworks/AppKit.framework; sourceTree = SDKROOT; };
		B7C9486C171E7591008250E2 /* CoreData.framework */ = {isa = PBXFileReference; lastKnownFileType = wrapper.framework; name = CoreData.framework; path = System/Library/Frameworks/CoreData.framework; sourceTree = SDKROOT; };
		B7C9486D171E7591008250E2 /* Foundation.framework */ = {isa = PBXFileReference; lastKnownFileType = wrapper.framework; name = Foundation.framework; path = System/Library/Frameworks/Foundation.framework; sourceTree = SDKROOT; };
		B7C94870171E7591008250E2 /* HDHomeBase-Info.plist */ = {isa = PBXFileReference; lastKnownFileType = text.plist.xml; path = "HDHomeBase-Info.plist"; sourceTree = "<group>"; };
		B7C94872171E7591008250E2 /* en */ = {isa = PBXFileReference; lastKnownFileType = text.plist.strings; name = en; path = en.lproj/InfoPlist.strings; sourceTree = "<group>"; };
		B7C94874171E7591008250E2 /* main.m */ = {isa = PBXFileReference; lastKnownFileType = sourcecode.c.objc; path = main.m; sourceTree = "<group>"; };
		B7C94876171E7591008250E2 /* HDHomeBase-Prefix.pch */ = {isa = PBXFileReference; lastKnownFileType = sourcecode.c.h; path = "HDHomeBase-Prefix.pch"; sourceTree = "<group>"; };
		B7C94878171E7591008250E2 /* en */ = {isa = PBXFileReference; lastKnownFileType = text.rtf; name = en; path = en.lproj/Credits.rtf; sourceTree = "<group>"; };
		B7C9487A171E7591008250E2 /* HBAppDelegate.h */ = {isa = PBXFileReference; lastKnownFileType = sourcecode.c.h; path = HBAppDelegate.h; sourceTree = "<group>"; };
		B7C9487B171E7591008250E2 /* HBAppDelegate.m */ = {isa = PBXFileReference; lastKnownFileType = sourcecode.c.objc; path = HBAppDelegate.m; sourceTree = "<group>"; };
		B7C9487E171E7591008250E2 /* en */ = {isa = PBXFileReference; lastKnownFileType = file.xib; name = en; path = en.lproj/MainMenu.xib; sourceTree = "<group>"; };
		B7C94888171E7592008250E2 /* HDHomeBaseTests.xctest */ = {isa = PBXFileReference; explicitFileType = wrapper.cfbundle; includeInIndex = 0; path = HDHomeBaseTests.xctest; sourceTree = BUILT_PRODUCTS_DIR; };
		B7C94890171E7592008250E2 /* HDHomeBaseTests-Info.plist */ = {isa = PBXFileReference; lastKnownFileType = text.plist.xml; path = "HDHomeBaseTests-Info.plist"; sourceTree = "<group>"; };
		B7C94892171E7592008250E2 /* en */ = {isa = PBXFileReference; lastKnownFileType = text.plist.strings; name = en; path = en.lproj/InfoPlist.strings; sourceTree = "<group>"; };
		B7C94894171E7592008250E2 /* HDHomeBaseTests.h */ = {isa = PBXFileReference; lastKnownFileType = sourcecode.c.h; path = HDHomeBaseTests.h; sourceTree = "<group>"; };
		B7C94895171E7592008250E2 /* HDHomeBaseTests.m */ = {isa = PBXFileReference; lastKnownFileType = sourcecode.c.objc; path = HDHomeBaseTests.m; sourceTree = "<group>"; };
		B7DDCA1319B8B43800553FD4 /* IOKit.framework */ = {isa = PBXFileReference; lastKnownFileType = wrapper.framework; name = IOKit.framework; path = System/Library/Frameworks/IOKit.framework; sourceTree = SDKROOT; };
		B7DDCA1619B925BB00553FD4 /* prohibited.icns */ = {isa = PBXFileReference; lastKnownFileType = image.icns; path = prohibited.icns; sourceTree = "<group>"; };
		B7DDCA1D19B9269100553FD4 /* alert.icns */ = {isa = PBXFileReference; lastKnownFileType = image.icns; path = alert.icns; sourceTree = "<group>"; };
		B7DDCA1F19B927CC00553FD4 /* scheduled.icns */ = {isa = PBXFileReference; lastKnownFileType = image.icns; path = scheduled.icns; sourceTree = "<group>"; };
		B7DDCA2119B927E800553FD4 /* stop_sign.icns */ = {isa = PBXFileReference; lastKnownFileType = image.icns; path = stop_sign.icns; sourceTree = "<group>"; };
		B7DDCA2319B927FA00553FD4 /* schedule_add.icns */ = {isa = PBXFileReference; lastKnownFileType = image.icns; path = schedule_add.icns; sourceTree = "<group>"; };
		B7DDCA2519B9280100553FD4 /* schedule_alert.icns */ = {isa = PBXFileReference; lastKnownFileType = image.icns; path = schedule_alert.icns; sourceTree = "<group>"; };
		B7DDCA2719B9280900553FD4 /* reschedule_green_button.icns */ = {isa = PBXFileReference; lastKnownFileType = image.icns; path = reschedule_green_button.icns; sourceTree = "<group>"; };
		B7DDCA2919B9282900553FD4 /* green.icns */ = {isa = PBXFileReference; lastKnownFileType = image.icns; path = green.icns; sourceTree = "<group>"; };
		B7DDCA2A19B9282900553FD4 /* orange.icns */ = {isa = PBXFileReference; lastKnownFileType = image.icns; path = orange.icns; sourceTree = "<group>"; };
		B7DDCA2C19B9282900553FD4 /* red.icns */ = {isa = PBXFileReference; lastKnownFileType = image.icns; path = red.icns; sourceTree = "<group>"; };
		B7DDCA3119B9283A00553FD4 /* yellow.icns */ = {isa = PBXFileReference; lastKnownFileType = image.icns; path = yellow.icns; sourceTree = "<group>"; };
		B7DDCA3719B92A0E00553FD4 /* validate_green_button.icns */ = {isa = PBXFileReference; lastKnownFileType = image.icns; path = validate_green_button.icns; sourceTree = "<group>"; };
		B7DDCA3919B92A2700553FD4 /* gray.icns */ = {isa = PBXFileReference; lastKnownFileType = image.icns; path = gray.icns; sourceTree = "<group>"; };
		B7DDCA3B19B92A4500553FD4 /* play_green_button.icns */ = {isa = PBXFileReference; lastKnownFileType = image.icns; path = play_green_button.icns; sourceTree = "<group>"; };
		B7DDCA3D19B92A5900553FD4 /* purple.icns */ = {isa = PBXFileReference; lastKnownFileType = image.icns; path = purple.icns; sourceTree = "<group>"; };
		B7DDCA3F19B92A7000553FD4 /* stop_green_button.icns */ = {isa = PBXFileReference; lastKnownFileType = image.icns; path = stop_green_button.icns; sourceTree = "<group>"; };
		B7DDCA4119B92A8C00553FD4 /* record_button.icns */ = {isa = PBXFileReference; lastKnownFileType = image.icns; path = record_button.icns; sourceTree = "<group>"; };
		B7DDCA4319B92AA600553FD4 /* schedule_remove.icns */ = {isa = PBXFileReference; lastKnownFileType = image.icns; path = schedule_remove.icns; sourceTree = "<group>"; };
		B7DDCA4519B92BF000553FD4 /* delete_green_button.icns */ = {isa = PBXFileReference; lastKnownFileType = image.icns; path = delete_green_button.icns; sourceTree = "<group>"; };
		B7DDCA4619B92BF000553FD4 /* delete_red_button.icns */ = {isa = PBXFileReference; lastKnownFileType = image.icns; path = delete_red_button.icns; sourceTree = "<group>"; };
		B7DDCA4919B9512C00553FD4 /* filmstrip.icns */ = {isa = PBXFileReference; lastKnownFileType = image.icns; path = filmstrip.icns; sourceTree = "<group>"; };
		B7DDCA4B19B97E8800553FD4 /* clapperboard.icns */ = {isa = PBXFileReference; lastKnownFileType = image.icns; path = clapperboard.icns; sourceTree = "<group>"; };
		B7F7A198176EA507007C5D4C /* HBScheduler.h */ = {isa = PBXFileReference; fileEncoding = 4; lastKnownFileType = sourcecode.c.h; path = HBScheduler.h; sourceTree = "<group>"; };
		B7F7A199176EA507007C5D4C /* HBScheduler.m */ = {isa = PBXFileReference; fileEncoding = 4; lastKnownFileType = sourcecode.c.objc; path = HBScheduler.m; sourceTree = "<group>"; };
/* End PBXFileReference section */

/* Begin PBXFrameworksBuildPhase section */
		B7C94862171E7591008250E2 /* Frameworks */ = {
			isa = PBXFrameworksBuildPhase;
			buildActionMask = 2147483647;
			files = (
				B7DDCA1419B8B43800553FD4 /* IOKit.framework in Frameworks */,
				B7C94869171E7591008250E2 /* Cocoa.framework in Frameworks */,
			);
			runOnlyForDeploymentPostprocessing = 0;
		};
		B7C94884171E7592008250E2 /* Frameworks */ = {
			isa = PBXFrameworksBuildPhase;
			buildActionMask = 2147483647;
			files = (
				B7C9488B171E7592008250E2 /* Cocoa.framework in Frameworks */,
			);
			runOnlyForDeploymentPostprocessing = 0;
		};
/* End PBXFrameworksBuildPhase section */

/* Begin PBXGroup section */
		B7A5827A19BC0AD800E1CA76 /* libhdhomerun */ = {
			isa = PBXGroup;
			children = (
				B7A5827B19BC0AFA00E1CA76 /* hdhomerun_channels.c */,
				B7A5827C19BC0AFA00E1CA76 /* hdhomerun_channels.h */,
				B7A5827D19BC0AFA00E1CA76 /* hdhomerun_channelscan.c */,
				B7A5827E19BC0AFA00E1CA76 /* hdhomerun_channelscan.h */,
				B7A5827F19BC0AFA00E1CA76 /* hdhomerun_config.c */,
				B7A5828019BC0AFA00E1CA76 /* hdhomerun_control.c */,
				B7A5828119BC0AFA00E1CA76 /* hdhomerun_control.h */,
				B7A5828219BC0AFA00E1CA76 /* hdhomerun_debug.c */,
				B7A5828319BC0AFA00E1CA76 /* hdhomerun_debug.h */,
				B7A5828419BC0AFA00E1CA76 /* hdhomerun_device_selector.c */,
				B7A5828519BC0AFA00E1CA76 /* hdhomerun_device_selector.h */,
				B7A5828619BC0AFA00E1CA76 /* hdhomerun_device.c */,
				B7A5828719BC0AFA00E1CA76 /* hdhomerun_device.h */,
				B7A5828819BC0AFA00E1CA76 /* hdhomerun_discover.c */,
				B7A5828919BC0AFA00E1CA76 /* hdhomerun_discover.h */,
				B7A5828A19BC0AFA00E1CA76 /* hdhomerun_os_posix.c */,
				B7A5828B19BC0AFA00E1CA76 /* hdhomerun_os_posix.h */,
				B7A5828C19BC0AFA00E1CA76 /* hdhomerun_os_windows.c */,
				B7A5828D19BC0AFA00E1CA76 /* hdhomerun_os_windows.h */,
				B7A5828E19BC0AFA00E1CA76 /* hdhomerun_os.h */,
				B7A5828F19BC0AFA00E1CA76 /* hdhomerun_pkt.c */,
				B7A5829019BC0AFA00E1CA76 /* hdhomerun_pkt.h */,
				B7A5829119BC0AFA00E1CA76 /* hdhomerun_sock_posix.c */,
				B7A5829219BC0AFA00E1CA76 /* hdhomerun_sock_windows.c */,
				B7A5829319BC0AFA00E1CA76 /* hdhomerun_sock.h */,
				B7A5829419BC0AFA00E1CA76 /* hdhomerun_types.h */,
				B7A5829519BC0AFA00E1CA76 /* hdhomerun_video.c */,
				B7A5829619BC0AFA00E1CA76 /* hdhomerun_video.h */,
				B7A5829719BC0AFA00E1CA76 /* hdhomerun.h */,
				B7A5829819BC0AFA00E1CA76 /* lgpl.txt */,
				B7A5829919BC0AFA00E1CA76 /* Makefile */,
				B7A5829A19BC0AFA00E1CA76 /* README */,
			);
			path = libhdhomerun;
			sourceTree = "<group>";
		};
		B7C9485C171E7590008250E2 = {
			isa = PBXGroup;
			children = (
				B7A5827A19BC0AD800E1CA76 /* libhdhomerun */,
				B7C9486E171E7591008250E2 /* HDHomeBase */,
				B7C9488E171E7592008250E2 /* HDHomeBaseTests */,
				B7C94867171E7591008250E2 /* Frameworks */,
				B7C94866171E7591008250E2 /* Products */,
			);
			sourceTree = "<group>";
		};
		B7C94866171E7591008250E2 /* Products */ = {
			isa = PBXGroup;
			children = (
				B7C94865171E7591008250E2 /* HDHomeBase.app */,
				B7C94888171E7592008250E2 /* HDHomeBaseTests.xctest */,
			);
			name = Products;
			sourceTree = "<group>";
		};
		B7C94867171E7591008250E2 /* Frameworks */ = {
			isa = PBXGroup;
			children = (
				B7DDCA1319B8B43800553FD4 /* IOKit.framework */,
				B7C94868171E7591008250E2 /* Cocoa.framework */,
				B7C9486A171E7591008250E2 /* Other Frameworks */,
			);
			name = Frameworks;
			sourceTree = "<group>";
		};
		B7C9486A171E7591008250E2 /* Other Frameworks */ = {
			isa = PBXGroup;
			children = (
				B7C9486B171E7591008250E2 /* AppKit.framework */,
				B7C9486C171E7591008250E2 /* CoreData.framework */,
				B7C9486D171E7591008250E2 /* Foundation.framework */,
			);
			name = "Other Frameworks";
			sourceTree = "<group>";
		};
		B7C9486E171E7591008250E2 /* HDHomeBase */ = {
			isa = PBXGroup;
			children = (
				B7C9487A171E7591008250E2 /* HBAppDelegate.h */,
				B7C9487B171E7591008250E2 /* HBAppDelegate.m */,
				B7F7A198176EA507007C5D4C /* HBScheduler.h */,
				B7F7A199176EA507007C5D4C /* HBScheduler.m */,
				B73B51EC175C4B5E00201BE7 /* HBProgram.h */,
				B73B51ED175C4B5E00201BE7 /* HBProgram.m */,
				B77090CF1A2113E8004E0754 /* HBRecording.h */,
				B77090D01A2113E8004E0754 /* HBRecording.m */,
				B7A63D9F175B14E700B44C51 /* HBRecordingsTableViewController.h */,
				B7A63DA0175B14E700B44C51 /* HBRecordingsTableViewController.m */,
				B7C9487D171E7591008250E2 /* MainMenu.xib */,
				B73D0E5C19B5015C009802CF /* Images.xcassets */,
				B7C9486F171E7591008250E2 /* Supporting Files */,
			);
			path = HDHomeBase;
			sourceTree = "<group>";
		};
		B7C9486F171E7591008250E2 /* Supporting Files */ = {
			isa = PBXGroup;
			children = (
				B7DDCA1D19B9269100553FD4 /* alert.icns */,
				B7DDCA4B19B97E8800553FD4 /* clapperboard.icns */,
				B7DDCA4519B92BF000553FD4 /* delete_green_button.icns */,
				B7DDCA4619B92BF000553FD4 /* delete_red_button.icns */,
				B7DDCA4919B9512C00553FD4 /* filmstrip.icns */,
				B7DDCA3919B92A2700553FD4 /* gray.icns */,
				B7DDCA2919B9282900553FD4 /* green.icns */,
				B7DDCA2A19B9282900553FD4 /* orange.icns */,
				B7DDCA3B19B92A4500553FD4 /* play_green_button.icns */,
				B7DDCA1619B925BB00553FD4 /* prohibited.icns */,
				B7DDCA3D19B92A5900553FD4 /* purple.icns */,
				B7DDCA4119B92A8C00553FD4 /* record_button.icns */,
				B7DDCA2C19B9282900553FD4 /* red.icns */,
				B7DDCA2719B9280900553FD4 /* reschedule_green_button.icns */,
				B7DDCA2319B927FA00553FD4 /* schedule_add.icns */,
				B7DDCA2519B9280100553FD4 /* schedule_alert.icns */,
				B7DDCA4319B92AA600553FD4 /* schedule_remove.icns */,
				B7DDCA1F19B927CC00553FD4 /* scheduled.icns */,
				B73D687019C7E211007DFC10 /* spotlight_blue_button.icns */,
				B7DDCA3F19B92A7000553FD4 /* stop_green_button.icns */,
				B7A5827819B9988700E1CA76 /* stop_red_button.icns */,
				B7DDCA2119B927E800553FD4 /* stop_sign.icns */,
				B7DDCA3719B92A0E00553FD4 /* validate_green_button.icns */,
				B7DDCA3119B9283A00553FD4 /* yellow.icns */,
				B7C94874171E7591008250E2 /* main.m */,
				B7C94876171E7591008250E2 /* HDHomeBase-Prefix.pch */,
				B7C94870171E7591008250E2 /* HDHomeBase-Info.plist */,
				B7C94877171E7591008250E2 /* Credits.rtf */,
				B7C94871171E7591008250E2 /* InfoPlist.strings */,
			);
			name = "Supporting Files";
			sourceTree = "<group>";
		};
		B7C9488E171E7592008250E2 /* HDHomeBaseTests */ = {
			isa = PBXGroup;
			children = (
				B7C94894171E7592008250E2 /* HDHomeBaseTests.h */,
				B7C94895171E7592008250E2 /* HDHomeBaseTests.m */,
				B7C9488F171E7592008250E2 /* Supporting Files */,
			);
			path = HDHomeBaseTests;
			sourceTree = "<group>";
		};
		B7C9488F171E7592008250E2 /* Supporting Files */ = {
			isa = PBXGroup;
			children = (
				B7C94890171E7592008250E2 /* HDHomeBaseTests-Info.plist */,
				B7C94891171E7592008250E2 /* InfoPlist.strings */,
			);
			name = "Supporting Files";
			sourceTree = "<group>";
		};
/* End PBXGroup section */

/* Begin PBXNativeTarget section */
		B7C94864171E7591008250E2 /* HDHomeBase */ = {
			isa = PBXNativeTarget;
			buildConfigurationList = B7C94899171E7592008250E2 /* Build configuration list for PBXNativeTarget "HDHomeBase" */;
			buildPhases = (
				B7C94861171E7591008250E2 /* Sources */,
				B7C94862171E7591008250E2 /* Frameworks */,
				B7C94863171E7591008250E2 /* Resources */,
				B7EA0D011723D99200B5DCA6 /* CopyFiles */,
			);
			buildRules = (
			);
			dependencies = (
			);
			name = HDHomeBase;
			productName = HDHomeBase;
			productReference = B7C94865171E7591008250E2 /* HDHomeBase.app */;
			productType = "com.apple.product-type.application";
		};
		B7C94887171E7592008250E2 /* HDHomeBaseTests */ = {
			isa = PBXNativeTarget;
			buildConfigurationList = B7C9489C171E7592008250E2 /* Build configuration list for PBXNativeTarget "HDHomeBaseTests" */;
			buildPhases = (
				B7C94883171E7592008250E2 /* Sources */,
				B7C94884171E7592008250E2 /* Frameworks */,
				B7C94885171E7592008250E2 /* Resources */,
				B7C94886171E7592008250E2 /* ShellScript */,
			);
			buildRules = (
			);
			dependencies = (
				B7C9488D171E7592008250E2 /* PBXTargetDependency */,
			);
			name = HDHomeBaseTests;
			productName = HDHomeBaseTests;
			productReference = B7C94888171E7592008250E2 /* HDHomeBaseTests.xctest */;
			productType = "com.apple.product-type.bundle.unit-test";
		};
/* End PBXNativeTarget section */

/* Begin PBXProject section */
		B7C9485D171E7590008250E2 /* Project object */ = {
			isa = PBXProject;
			attributes = {
				CLASSPREFIX = HB;
				LastTestingUpgradeCheck = 0510;
				LastUpgradeCheck = 0510;
				ORGANIZATIONNAME = "Joydip Basu";
			};
			buildConfigurationList = B7C94860171E7590008250E2 /* Build configuration list for PBXProject "HDHomeBase" */;
			compatibilityVersion = "Xcode 3.2";
			developmentRegion = English;
			hasScannedForEncodings = 0;
			knownRegions = (
				en,
			);
			mainGroup = B7C9485C171E7590008250E2;
			productRefGroup = B7C94866171E7591008250E2 /* Products */;
			projectDirPath = "";
			projectRoot = "";
			targets = (
				B7C94864171E7591008250E2 /* HDHomeBase */,
				B7C94887171E7592008250E2 /* HDHomeBaseTests */,
			);
		};
/* End PBXProject section */

/* Begin PBXResourcesBuildPhase section */
		B7C94863171E7591008250E2 /* Resources */ = {
			isa = PBXResourcesBuildPhase;
			buildActionMask = 2147483647;
			files = (
				B7DDCA4219B92A8C00553FD4 /* record_button.icns in Resources */,
				B7DDCA4819B92BF000553FD4 /* delete_red_button.icns in Resources */,
				B7C94873171E7591008250E2 /* InfoPlist.strings in Resources */,
				B7DDCA3019B9282900553FD4 /* red.icns in Resources */,
				B7DDCA2E19B9282900553FD4 /* orange.icns in Resources */,
				B7DDCA3219B9283A00553FD4 /* yellow.icns in Resources */,
				B7DDCA2619B9280100553FD4 /* schedule_alert.icns in Resources */,
				B7DDCA3819B92A0E00553FD4 /* validate_green_button.icns in Resources */,
				B73D0E5D19B5015C009802CF /* Images.xcassets in Resources */,
				B7DDCA3C19B92A4500553FD4 /* play_green_button.icns in Resources */,
				B7DDCA2D19B9282900553FD4 /* green.icns in Resources */,
				B7DDCA4019B92A7000553FD4 /* stop_green_button.icns in Resources */,
				B7DDCA1819B925BB00553FD4 /* prohibited.icns in Resources */,
				B7A5827919B9988700E1CA76 /* stop_red_button.icns in Resources */,
				B7DDCA4C19B97E8800553FD4 /* clapperboard.icns in Resources */,
				B7DDCA4719B92BF000553FD4 /* delete_green_button.icns in Resources */,
				B7DDCA2819B9280900553FD4 /* reschedule_green_button.icns in Resources */,
				B7DDCA2219B927E800553FD4 /* stop_sign.icns in Resources */,
				B7DDCA4A19B9512C00553FD4 /* filmstrip.icns in Resources */,
				B7C94879171E7591008250E2 /* Credits.rtf in Resources */,
				B7C9487F171E7591008250E2 /* MainMenu.xib in Resources */,
				B7DDCA4419B92AA600553FD4 /* schedule_remove.icns in Resources */,
				B7DDCA3E19B92A5900553FD4 /* purple.icns in Resources */,
				B7DDCA3A19B92A2700553FD4 /* gray.icns in Resources */,
				B7DDCA1E19B9269100553FD4 /* alert.icns in Resources */,
				B7DDCA2019B927CC00553FD4 /* scheduled.icns in Resources */,
				B7DDCA2419B927FA00553FD4 /* schedule_add.icns in Resources */,
				B73D687119C7E211007DFC10 /* spotlight_blue_button.icns in Resources */,
			);
			runOnlyForDeploymentPostprocessing = 0;
		};
		B7C94885171E7592008250E2 /* Resources */ = {
			isa = PBXResourcesBuildPhase;
			buildActionMask = 2147483647;
			files = (
				B7C94893171E7592008250E2 /* InfoPlist.strings in Resources */,
			);
			runOnlyForDeploymentPostprocessing = 0;
		};
/* End PBXResourcesBuildPhase section */

/* Begin PBXShellScriptBuildPhase section */
		B7C94886171E7592008250E2 /* ShellScript */ = {
			isa = PBXShellScriptBuildPhase;
			buildActionMask = 2147483647;
			files = (
			);
			inputPaths = (
			);
			outputPaths = (
			);
			runOnlyForDeploymentPostprocessing = 0;
			shellPath = /bin/sh;
			shellScript = "# Run the unit tests in this test bundle.\n\"${SYSTEM_DEVELOPER_DIR}/Tools/RunUnitTests\"\n";
		};
/* End PBXShellScriptBuildPhase section */

/* Begin PBXSourcesBuildPhase section */
		B7C94861171E7591008250E2 /* Sources */ = {
			isa = PBXSourcesBuildPhase;
			buildActionMask = 2147483647;
			files = (
				B7C94875171E7591008250E2 /* main.m in Sources */,
				B7A582A019BC0AFA00E1CA76 /* hdhomerun_device_selector.c in Sources */,
				B7A582A319BC0AFA00E1CA76 /* hdhomerun_os_posix.c in Sources */,
				B7C9487C171E7591008250E2 /* HBAppDelegate.m in Sources */,
				B7A5829F19BC0AFA00E1CA76 /* hdhomerun_debug.c in Sources */,
				B77090D11A2113E8004E0754 /* HBRecording.m in Sources */,
				B7A582A119BC0AFA00E1CA76 /* hdhomerun_device.c in Sources */,
				B7A5829B19BC0AFA00E1CA76 /* hdhomerun_channels.c in Sources */,
				B7A582A619BC0AFA00E1CA76 /* hdhomerun_sock_posix.c in Sources */,
				B7A5829E19BC0AFA00E1CA76 /* hdhomerun_control.c in Sources */,
				B7A5829C19BC0AFA00E1CA76 /* hdhomerun_channelscan.c in Sources */,
				B7A582A219BC0AFA00E1CA76 /* hdhomerun_discover.c in Sources */,
				B7A63DA2175B14E700B44C51 /* HBRecordingsTableViewController.m in Sources */,
				B7A582A819BC0AFA00E1CA76 /* hdhomerun_video.c in Sources */,
				B73B51EE175C4B5E00201BE7 /* HBProgram.m in Sources */,
				B7A582A519BC0AFA00E1CA76 /* hdhomerun_pkt.c in Sources */,
				B7F7A19A176EA507007C5D4C /* HBScheduler.m in Sources */,
			);
			runOnlyForDeploymentPostprocessing = 0;
		};
		B7C94883171E7592008250E2 /* Sources */ = {
			isa = PBXSourcesBuildPhase;
			buildActionMask = 2147483647;
			files = (
				B7C94896171E7592008250E2 /* HDHomeBaseTests.m in Sources */,
			);
			runOnlyForDeploymentPostprocessing = 0;
		};
/* End PBXSourcesBuildPhase section */

/* Begin PBXTargetDependency section */
		B7C9488D171E7592008250E2 /* PBXTargetDependency */ = {
			isa = PBXTargetDependency;
			target = B7C94864171E7591008250E2 /* HDHomeBase */;
			targetProxy = B7C9488C171E7592008250E2 /* PBXContainerItemProxy */;
		};
/* End PBXTargetDependency section */

/* Begin PBXVariantGroup section */
		B7C94871171E7591008250E2 /* InfoPlist.strings */ = {
			isa = PBXVariantGroup;
			children = (
				B7C94872171E7591008250E2 /* en */,
			);
			name = InfoPlist.strings;
			sourceTree = "<group>";
		};
		B7C94877171E7591008250E2 /* Credits.rtf */ = {
			isa = PBXVariantGroup;
			children = (
				B7C94878171E7591008250E2 /* en */,
			);
			name = Credits.rtf;
			sourceTree = "<group>";
		};
		B7C9487D171E7591008250E2 /* MainMenu.xib */ = {
			isa = PBXVariantGroup;
			children = (
				B7C9487E171E7591008250E2 /* en */,
			);
			name = MainMenu.xib;
			sourceTree = "<group>";
		};
		B7C94891171E7592008250E2 /* InfoPlist.strings */ = {
			isa = PBXVariantGroup;
			children = (
				B7C94892171E7592008250E2 /* en */,
			);
			name = InfoPlist.strings;
			sourceTree = "<group>";
		};
/* End PBXVariantGroup section */

/* Begin XCBuildConfiguration section */
		B7C94897171E7592008250E2 /* Debug */ = {
			isa = XCBuildConfiguration;
			buildSettings = {
				ALWAYS_SEARCH_USER_PATHS = NO;
				CLANG_CXX_LANGUAGE_STANDARD = "gnu++0x";
				CLANG_CXX_LIBRARY = "libc++";
				CLANG_ENABLE_OBJC_ARC = YES;
				CLANG_WARN_CONSTANT_CONVERSION = YES;
				CLANG_WARN_EMPTY_BODY = YES;
				CLANG_WARN_ENUM_CONVERSION = YES;
				CLANG_WARN_INT_CONVERSION = YES;
				CLANG_WARN__DUPLICATE_METHOD_MATCH = YES;
				COPY_PHASE_STRIP = NO;
				GCC_C_LANGUAGE_STANDARD = gnu99;
				GCC_DYNAMIC_NO_PIC = NO;
				GCC_ENABLE_OBJC_EXCEPTIONS = YES;
				GCC_OPTIMIZATION_LEVEL = 0;
				GCC_PREPROCESSOR_DEFINITIONS = (
					"DEBUG=1",
					"$(inherited)",
				);
				GCC_SYMBOLS_PRIVATE_EXTERN = NO;
				GCC_WARN_64_TO_32_BIT_CONVERSION = YES;
				GCC_WARN_ABOUT_RETURN_TYPE = YES;
				GCC_WARN_UNINITIALIZED_AUTOS = YES;
				GCC_WARN_UNUSED_VARIABLE = YES;
				MACOSX_DEPLOYMENT_TARGET = 10.8;
				ONLY_ACTIVE_ARCH = YES;
				SDKROOT = macosx;
			};
			name = Debug;
		};
		B7C94898171E7592008250E2 /* Release */ = {
			isa = XCBuildConfiguration;
			buildSettings = {
				ALWAYS_SEARCH_USER_PATHS = NO;
				CLANG_CXX_LANGUAGE_STANDARD = "gnu++0x";
				CLANG_CXX_LIBRARY = "libc++";
				CLANG_ENABLE_OBJC_ARC = YES;
				CLANG_WARN_CONSTANT_CONVERSION = YES;
				CLANG_WARN_EMPTY_BODY = YES;
				CLANG_WARN_ENUM_CONVERSION = YES;
				CLANG_WARN_INT_CONVERSION = YES;
				CLANG_WARN__DUPLICATE_METHOD_MATCH = YES;
				COPY_PHASE_STRIP = YES;
				DEBUG_INFORMATION_FORMAT = "dwarf-with-dsym";
				GCC_C_LANGUAGE_STANDARD = gnu99;
				GCC_ENABLE_OBJC_EXCEPTIONS = YES;
				GCC_WARN_64_TO_32_BIT_CONVERSION = YES;
				GCC_WARN_ABOUT_RETURN_TYPE = YES;
				GCC_WARN_UNINITIALIZED_AUTOS = YES;
				GCC_WARN_UNUSED_VARIABLE = YES;
				MACOSX_DEPLOYMENT_TARGET = 10.8;
				SDKROOT = macosx;
			};
			name = Release;
		};
		B7C9489A171E7592008250E2 /* Debug */ = {
			isa = XCBuildConfiguration;
			buildSettings = {
				ASSETCATALOG_COMPILER_APPICON_NAME = AppIcon;
				COMBINE_HIDPI_IMAGES = YES;
				GCC_PRECOMPILE_PREFIX_HEADER = YES;
				GCC_PREFIX_HEADER = "HDHomeBase/HDHomeBase-Prefix.pch";
				INFOPLIST_FILE = "HDHomeBase/HDHomeBase-Info.plist";
				MACOSX_DEPLOYMENT_TARGET = 10.7;
				PRODUCT_NAME = "$(TARGET_NAME)";
				SDKROOT = macosx10.9;
				WRAPPER_EXTENSION = app;
			};
			name = Debug;
		};
		B7C9489B171E7592008250E2 /* Release */ = {
			isa = XCBuildConfiguration;
			buildSettings = {
				ASSETCATALOG_COMPILER_APPICON_NAME = AppIcon;
				COMBINE_HIDPI_IMAGES = YES;
				GCC_PRECOMPILE_PREFIX_HEADER = YES;
				GCC_PREFIX_HEADER = "HDHomeBase/HDHomeBase-Prefix.pch";
				INFOPLIST_FILE = "HDHomeBase/HDHomeBase-Info.plist";
				MACOSX_DEPLOYMENT_TARGET = 10.7;
				PRODUCT_NAME = "$(TARGET_NAME)";
				SDKROOT = macosx10.9;
				WRAPPER_EXTENSION = app;
			};
			name = Release;
		};
		B7C9489D171E7592008250E2 /* Debug */ = {
			isa = XCBuildConfiguration;
			buildSettings = {
				BUNDLE_LOADER = "$(BUILT_PRODUCTS_DIR)/HDHomeBase.app/Contents/MacOS/HDHomeBase";
				COMBINE_HIDPI_IMAGES = YES;
				FRAMEWORK_SEARCH_PATHS = (
					"\"$(DEVELOPER_LIBRARY_DIR)/Frameworks\"",
					"$(inherited)",
				);
				GCC_PRECOMPILE_PREFIX_HEADER = YES;
				GCC_PREFIX_HEADER = "HDHomeBase/HDHomeBase-Prefix.pch";
				INFOPLIST_FILE = "HDHomeBaseTests/HDHomeBaseTests-Info.plist";
				PRODUCT_NAME = "$(TARGET_NAME)";
				TEST_HOST = "$(BUNDLE_LOADER)";
			};
			name = Debug;
		};
		B7C9489E171E7592008250E2 /* Release */ = {
			isa = XCBuildConfiguration;
			buildSettings = {
				BUNDLE_LOADER = "$(BUILT_PRODUCTS_DIR)/HDHomeBase.app/Contents/MacOS/HDHomeBase";
				COMBINE_HIDPI_IMAGES = YES;
				FRAMEWORK_SEARCH_PATHS = (
					"\"$(DEVELOPER_LIBRARY_DIR)/Frameworks\"",
					"$(inherited)",
				);
				GCC_PRECOMPILE_PREFIX_HEADER = YES;
				GCC_PREFIX_HEADER = "HDHomeBase/HDHomeBase-Prefix.pch";
				INFOPLIST_FILE = "HDHomeBaseTests/HDHomeBaseTests-Info.plist";
				PRODUCT_NAME = "$(TARGET_NAME)";
				TEST_HOST = "$(BUNDLE_LOADER)";
			};
			name = Release;
		};
/* End XCBuildConfiguration section */

/* Begin XCConfigurationList section */
		B7C94860171E7590008250E2 /* Build configuration list for PBXProject "HDHomeBase" */ = {
			isa = XCConfigurationList;
			buildConfigurations = (
				B7C94897171E7592008250E2 /* Debug */,
				B7C94898171E7592008250E2 /* Release */,
			);
			defaultConfigurationIsVisible = 0;
			defaultConfigurationName = Release;
		};
		B7C94899171E7592008250E2 /* Build configuration list for PBXNativeTarget "HDHomeBase" */ = {
			isa = XCConfigurationList;
			buildConfigurations = (
				B7C9489A171E7592008250E2 /* Debug */,
				B7C9489B171E7592008250E2 /* Release */,
			);
			defaultConfigurationIsVisible = 0;
			defaultConfigurationName = Release;
		};
		B7C9489C171E7592008250E2 /* Build configuration list for PBXNativeTarget "HDHomeBaseTests" */ = {
			isa = XCConfigurationList;
			buildConfigurations = (
				B7C9489D171E7592008250E2 /* Debug */,
				B7C9489E171E7592008250E2 /* Release */,
			);
			defaultConfigurationIsVisible = 0;
			defaultConfigurationName = Release;
		};
/* End XCConfigurationList section */
	};
	rootObject = B7C9485D171E7590008250E2 /* Project object */;
}
